
Microsoft Visual Studio Solution File, Format Version 12.00
# Visual Studio Version 17
VisualStudioVersion = 17.7.34202.233
MinimumVisualStudioVersion = 10.0.40219.1
Project("{FAE04EC0-301F-11D3-BF4B-00C04F79EFBC}") = "Employe_Backend", "Employe_Backend\Employe_Backend.csproj", "{3A62412E-7FD3-4A57-A446-BA2F880F3C8C}"
EndProject
Global
	GlobalSection(SolutionConfigurationPlatforms) = preSolution
		Debug|Any CPU = Debug|Any CPU
		Release|Any CPU = Release|Any CPU
	EndGlobalSection
	GlobalSection(ProjectConfigurationPlatforms) = postSolution
		{3A62412E-7FD3-4A57-A446-BA2F880F3C8C}.Debug|Any CPU.ActiveCfg = Debug|Any CPU
		{3A62412E-7FD3-4A57-A446-BA2F880F3C8C}.Debug|Any CPU.Build.0 = Debug|Any CPU
		{3A62412E-7FD3-4A57-A446-BA2F880F3C8C}.Release|Any CPU.ActiveCfg = Release|Any CPU
		{3A62412E-7FD3-4A57-A446-BA2F880F3C8C}.Release|Any CPU.Build.0 = Release|Any CPU
	EndGlobalSection
	GlobalSection(SolutionProperties) = preSolution
		HideSolutionNode = FALSE
	EndGlobalSection
	GlobalSection(ExtensibilityGlobals) = postSolution
		SolutionGuid = {633BA0D3-CCE6-45A9-8392-5AB707FD7A8B}
	EndGlobalSection
EndGlobal
